<?xml version="1.0" encoding="utf-8"?>
<Project ToolsVersion="4.0" xmlns="http://schemas.microsoft.com/developer/msbuild/2003">
  <ItemGroup>
    <Filter Include="Header Files">
      <UniqueIdentifier>{3328ce19-5e71-41c3-a9bf-7505595537e1}</UniqueIdentifier>
    </Filter>
    <Filter Include="Source Files">
      <UniqueIdentifier>{029a065e-a072-4867-a7db-b9cca2012ddb}</UniqueIdentifier>
    </Filter>
    <Filter Include="shaders">
      <UniqueIdentifier>{8ddc58a1-33f4-47ff-a618-1e5adf3113eb}</UniqueIdentifier>
    </Filter>
  </ItemGroup>
  <ItemGroup>
    <ClInclude Include="camera.hpp">
      <Filter>Header Files</Filter>
    </ClInclude>
    <ClInclude Include="skybox.h">
      <Filter>Header Files</Filter>
    </ClInclude>
    <ClInclude Include="shader.hpp">
      <Filter>Header Files</Filter>
    </ClInclude>
    <ClInclude Include="panel.hpp">
      <Filter>Header Files</Filter>
    </ClInclude>
    <ClInclude Include="audioplayer.hpp">
      <Filter>Header Files</Filter>
    </ClInclude>
    <ClInclude Include="scene.hpp">
      <Filter>Header Files</Filter>
    </ClInclude>
    <ClInclude Include="plane.hpp">
      <Filter>Header Files</Filter>
    </ClInclude>
    <ClInclude Include="drawable.hpp">
      <Filter>Header Files</Filter>
    </ClInclude>
    <ClInclude Include="meshv2.hpp">
      <Filter>Header Files</Filter>
    </ClInclude>
    <ClInclude Include="shader_manager.hpp">
      <Filter>Header Files</Filter>
    </ClInclude>
    <ClInclude Include="constants.hpp">
      <Filter>Header Files</Filter>
    </ClInclude>
  </ItemGroup>
  <ItemGroup>
    <ClCompile Include="main.cpp">
      <Filter>Source Files</Filter>
    </ClCompile>
    <ClCompile Include="camera.cpp">
      <Filter>Source Files</Filter>
    </ClCompile>
    <ClCompile Include="skybox.cpp">
      <Filter>Source Files</Filter>
    </ClCompile>
    <ClCompile Include="shader.cpp">
      <Filter>Source Files</Filter>
    </ClCompile>
    <ClCompile Include="panel.cpp">
      <Filter>Source Files</Filter>
    </ClCompile>
    <ClCompile Include="audioplayer.cpp">
      <Filter>Source Files</Filter>
    </ClCompile>
    <ClCompile Include="scene.cpp">
      <Filter>Source Files</Filter>
    </ClCompile>
    <ClCompile Include="plane.cpp">
      <Filter>Source Files</Filter>
    </ClCompile>
    <ClCompile Include="drawable.cpp">
      <Filter>Source Files</Filter>
    </ClCompile>
    <ClCompile Include="meshv2.cpp">
      <Filter>Source Files</Filter>
    </ClCompile>
    <ClCompile Include="shader_manager.cpp">
      <Filter>Source Files</Filter>
    </ClCompile>
  </ItemGroup>
  <ItemGroup>
    <None Include="shader\cam_fs.glsl">
      <Filter>shaders</Filter>
    </None>
    <None Include="shader\cam_vs.glsl">
      <Filter>shaders</Filter>
    </None>
    <None Include="shader\cubefield_vs.glsl">
      <Filter>shaders</Filter>
    </None>
    <None Include="shader\panel_fs.glsl">
      <Filter>shaders</Filter>
    </None>
    <None Include="shader\panel_vs.glsl">
      <Filter>shaders</Filter>
    </None>
    <None Include="shader\plane_vs.glsl">
      <Filter>shaders</Filter>
    </None>
    <None Include="shader\skybox_fs.glsl">
      <Filter>shaders</Filter>
    </None>
    <None Include="shader\skybox_vs.glsl">
      <Filter>shaders</Filter>
    </None>
    <None Include="shader\cubefield_fs.glsl">
      <Filter>shaders</Filter>
    </None>
    <None Include="shader\plane_fs.glsl">
      <Filter>shaders</Filter>
    </None>
  </ItemGroup>
</Project>