<?xml version="1.0" encoding="utf-8"?>
<Project ToolsVersion="4.0" xmlns="http://schemas.microsoft.com/developer/msbuild/2003">
  <ItemGroup>
    <Filter Include="Header Files">
      <UniqueIdentifier>{3328ce19-5e71-41c3-a9bf-7505595537e1}</UniqueIdentifier>
    </Filter>
    <Filter Include="Source Files">
      <UniqueIdentifier>{029a065e-a072-4867-a7db-b9cca2012ddb}</UniqueIdentifier>
    </Filter>
    <Filter Include="textures">
      <UniqueIdentifier>{5cd3feb4-0d22-4fb4-a5dd-2a7998d0840a}</UniqueIdentifier>
    </Filter>
    <Filter Include="shaders">
      <UniqueIdentifier>{8ddc58a1-33f4-47ff-a618-1e5adf3113eb}</UniqueIdentifier>
    </Filter>
  </ItemGroup>
  <ItemGroup>
    <ClInclude Include="mesh.hpp">
      <Filter>Header Files</Filter>
    </ClInclude>
    <ClInclude Include="camera.hpp">
      <Filter>Header Files</Filter>
    </ClInclude>
    <ClInclude Include="skybox.h">
      <Filter>Header Files</Filter>
    </ClInclude>
    <ClInclude Include="shader.hpp">
      <Filter>Header Files</Filter>
    </ClInclude>
    <ClInclude Include="panel.hpp">
      <Filter>Header Files</Filter>
    </ClInclude>
    <ClInclude Include="audioplayer.hpp">
      <Filter>Header Files</Filter>
    </ClInclude>
    <ClInclude Include="scene.hpp">
      <Filter>Header Files</Filter>
    </ClInclude>
    <ClInclude Include="plane.hpp">
      <Filter>Header Files</Filter>
    </ClInclude>
  </ItemGroup>
  <ItemGroup>
    <ClCompile Include="main.cpp">
      <Filter>Source Files</Filter>
    </ClCompile>
    <ClCompile Include="mesh.cpp">
      <Filter>Source Files</Filter>
    </ClCompile>
    <ClCompile Include="camera.cpp">
      <Filter>Source Files</Filter>
    </ClCompile>
    <ClCompile Include="skybox.cpp">
      <Filter>Source Files</Filter>
    </ClCompile>
    <ClCompile Include="shader.cpp">
      <Filter>Source Files</Filter>
    </ClCompile>
    <ClCompile Include="panel.cpp">
      <Filter>Source Files</Filter>
    </ClCompile>
    <ClCompile Include="audioplayer.cpp">
      <Filter>Source Files</Filter>
    </ClCompile>
    <ClCompile Include="scene.cpp">
      <Filter>Source Files</Filter>
    </ClCompile>
    <ClCompile Include="plane.cpp">
      <Filter>Source Files</Filter>
    </ClCompile>
  </ItemGroup>
  <ItemGroup>
    <None Include="shader\basic.frag">
      <Filter>shaders</Filter>
    </None>
    <None Include="shader\basic.vert">
      <Filter>shaders</Filter>
    </None>
    <None Include="shader\cam.frag">
      <Filter>shaders</Filter>
    </None>
    <None Include="shader\cam.geom">
      <Filter>shaders</Filter>
    </None>
    <None Include="shader\cam.vert">
      <Filter>shaders</Filter>
    </None>
    <None Include="shader\panel.frag">
      <Filter>shaders</Filter>
    </None>
    <None Include="shader\panel.vert">
      <Filter>shaders</Filter>
    </None>
    <None Include="shader\plane.vert">
      <Filter>shaders</Filter>
    </None>
    <None Include="shader\skybox.frag">
      <Filter>shaders</Filter>
    </None>
    <None Include="shader\skybox.vert">
      <Filter>shaders</Filter>
    </None>
    <None Include="textures\i_bk.tga">
      <Filter>textures</Filter>
    </None>
    <None Include="textures\i_dn.tga">
      <Filter>textures</Filter>
    </None>
    <None Include="textures\i_ft.tga">
      <Filter>textures</Filter>
    </None>
    <None Include="textures\i_lf.tga">
      <Filter>textures</Filter>
    </None>
    <None Include="textures\i_rt.tga">
      <Filter>textures</Filter>
    </None>
    <None Include="textures\i_up.tga">
      <Filter>textures</Filter>
    </None>
  </ItemGroup>
  <ItemGroup>
    <Image Include="textures\img.png">
      <Filter>textures</Filter>
    </Image>
    <Image Include="textures\panel.png">
      <Filter>textures</Filter>
    </Image>
  </ItemGroup>
</Project>